
Microsoft Visual Studio Solution File, Format Version 12.00
# Visual Studio Version 17
VisualStudioVersion = 17.5.33516.290
MinimumVisualStudioVersion = 10.0.40219.1
Project("{9A19103F-16F7-4668-BE54-9A1E7A4F7556}") = "AuthServer.Api", "AuthServer.Api\AuthServer.Api.csproj", "{BECA9E1F-0BDB-4A16-9C26-6C172887EEF1}"
EndProject
Project("{2150E333-8FDC-42A3-9474-1A3956D46DE8}") = "Solution Items", "Solution Items", "{E466DE24-A2FF-4B6C-86F4-64443072C5CD}"
	ProjectSection(SolutionItems) = preProject
		README.md = README.md
		thunder-collection.json = thunder-collection.json
	EndProjectSection
EndProject
Global
	GlobalSection(SolutionConfigurationPlatforms) = preSolution
		Debug|Any CPU = Debug|Any CPU
		Release|Any CPU = Release|Any CPU
	EndGlobalSection
	GlobalSection(ProjectConfigurationPlatforms) = postSolution
		{BECA9E1F-0BDB-4A16-9C26-6C172887EEF1}.Debug|Any CPU.ActiveCfg = Debug|Any CPU
		{BECA9E1F-0BDB-4A16-9C26-6C172887EEF1}.Debug|Any CPU.Build.0 = Debug|Any CPU
		{BECA9E1F-0BDB-4A16-9C26-6C172887EEF1}.Release|Any CPU.ActiveCfg = Release|Any CPU
		{BECA9E1F-0BDB-4A16-9C26-6C172887EEF1}.Release|Any CPU.Build.0 = Release|Any CPU
	EndGlobalSection
	GlobalSection(SolutionProperties) = preSolution
		HideSolutionNode = FALSE
	EndGlobalSection
	GlobalSection(ExtensibilityGlobals) = postSolution
		SolutionGuid = {B22C779A-F4A8-48A4-AFEE-7A3A6F35B7BF}
	EndGlobalSection
EndGlobal
